PODS:
  - SimpleTools (0.1.6):
    - SimpleTools/UserDefaultWrapper (= 0.1.6)
  - SimpleTools/UserDefaultWrapper (0.1.6)

DEPENDENCIES:
  - SimpleTools (from `../`)

EXTERNAL SOURCES:
  SimpleTools:
    :path: "../"

SPEC CHECKSUMS:
  SimpleTools: 02502cb97322e8688fb00245353cf958d1eb3e0b

PODFILE CHECKSUM: 3e169b7a50b94539ddd3413ccc9ba44d60e623aa

COCOAPODS: 1.11.3
